
Microsoft Visual Studio Solution File, Format Version 12.00
# Visual Studio Version 17
VisualStudioVersion = 17.2.32630.192
MinimumVisualStudioVersion = 10.0.40219.1
Project("{FAE04EC0-301F-11D3-BF4B-00C04F79EFBC}") = "EmpMangment", "EmpMangment\EmpMangment.csproj", "{FAA49F64-2F70-463B-83C5-251FDF668BF0}"
EndProject
Global
	GlobalSection(SolutionConfigurationPlatforms) = preSolution
		Debug|Any CPU = Debug|Any CPU
		Release|Any CPU = Release|Any CPU
	EndGlobalSection
	GlobalSection(ProjectConfigurationPlatforms) = postSolution
		{FAA49F64-2F70-463B-83C5-251FDF668BF0}.Debug|Any CPU.ActiveCfg = Debug|Any CPU
		{FAA49F64-2F70-463B-83C5-251FDF668BF0}.Debug|Any CPU.Build.0 = Debug|Any CPU
		{FAA49F64-2F70-463B-83C5-251FDF668BF0}.Release|Any CPU.ActiveCfg = Release|Any CPU
		{FAA49F64-2F70-463B-83C5-251FDF668BF0}.Release|Any CPU.Build.0 = Release|Any CPU
	EndGlobalSection
	GlobalSection(SolutionProperties) = preSolution
		HideSolutionNode = FALSE
	EndGlobalSection
	GlobalSection(ExtensibilityGlobals) = postSolution
		SolutionGuid = {17909E84-498D-45F1-B113-6E90D6524929}
	EndGlobalSection
EndGlobal
